
Microsoft Visual Studio Solution File, Format Version 12.00
# Visual Studio Version 16
VisualStudioVersion = 16.0.29324.140
MinimumVisualStudioVersion = 10.0.40219.1
Project("{FAE04EC0-301F-11D3-BF4B-00C04F79EFBC}") = "UdpLesson", "UdpLesson\UdpLesson.csproj", "{BBC85289-58C5-48E7-BDEB-04D887F54EA8}"
EndProject
Global
	GlobalSection(SolutionConfigurationPlatforms) = preSolution
		Debug|Any CPU = Debug|Any CPU
		Release|Any CPU = Release|Any CPU
	EndGlobalSection
	GlobalSection(ProjectConfigurationPlatforms) = postSolution
		{BBC85289-58C5-48E7-BDEB-04D887F54EA8}.Debug|Any CPU.ActiveCfg = Debug|Any CPU
		{BBC85289-58C5-48E7-BDEB-04D887F54EA8}.Debug|Any CPU.Build.0 = Debug|Any CPU
		{BBC85289-58C5-48E7-BDEB-04D887F54EA8}.Release|Any CPU.ActiveCfg = Release|Any CPU
		{BBC85289-58C5-48E7-BDEB-04D887F54EA8}.Release|Any CPU.Build.0 = Release|Any CPU
	EndGlobalSection
	GlobalSection(SolutionProperties) = preSolution
		HideSolutionNode = FALSE
	EndGlobalSection
	GlobalSection(ExtensibilityGlobals) = postSolution
		SolutionGuid = {25A5DA07-A3E1-458A-877D-6D9E4801555D}
	EndGlobalSection
EndGlobal
